
Microsoft Visual Studio Solution File, Format Version 12.00
# Visual Studio Version 17
VisualStudioVersion = 17.3.32825.248
MinimumVisualStudioVersion = 10.0.40219.1
Project("{FAE04EC0-301F-11D3-BF4B-00C04F79EFBC}") = "bicola", "bicola\bicola.csproj", "{A35262B1-EED5-478F-B99D-EB587CBF54A0}"
EndProject
Global
	GlobalSection(SolutionConfigurationPlatforms) = preSolution
		Debug|Any CPU = Debug|Any CPU
		Release|Any CPU = Release|Any CPU
	EndGlobalSection
	GlobalSection(ProjectConfigurationPlatforms) = postSolution
		{A35262B1-EED5-478F-B99D-EB587CBF54A0}.Debug|Any CPU.ActiveCfg = Debug|Any CPU
		{A35262B1-EED5-478F-B99D-EB587CBF54A0}.Debug|Any CPU.Build.0 = Debug|Any CPU
		{A35262B1-EED5-478F-B99D-EB587CBF54A0}.Release|Any CPU.ActiveCfg = Release|Any CPU
		{A35262B1-EED5-478F-B99D-EB587CBF54A0}.Release|Any CPU.Build.0 = Release|Any CPU
	EndGlobalSection
	GlobalSection(SolutionProperties) = preSolution
		HideSolutionNode = FALSE
	EndGlobalSection
	GlobalSection(ExtensibilityGlobals) = postSolution
		SolutionGuid = {CD5B226D-0BD4-4BCD-9A44-79A471027CA6}
	EndGlobalSection
EndGlobal
